
Microsoft Visual Studio Solution File, Format Version 12.00
# Visual Studio Version 17
VisualStudioVersion = 17.0.32112.339
MinimumVisualStudioVersion = 10.0.40219.1
Project("{FAE04EC0-301F-11D3-BF4B-00C04F79EFBC}") = "SuperHeroAPI", "SuperHeroAPI\SuperHeroAPI.csproj", "{31E16947-F00F-40C2-9CB0-BE171077DFDD}"
EndProject
Global
	GlobalSection(SolutionConfigurationPlatforms) = preSolution
		Debug|Any CPU = Debug|Any CPU
		Release|Any CPU = Release|Any CPU
	EndGlobalSection
	GlobalSection(ProjectConfigurationPlatforms) = postSolution
		{31E16947-F00F-40C2-9CB0-BE171077DFDD}.Debug|Any CPU.ActiveCfg = Debug|Any CPU
		{31E16947-F00F-40C2-9CB0-BE171077DFDD}.Debug|Any CPU.Build.0 = Debug|Any CPU
		{31E16947-F00F-40C2-9CB0-BE171077DFDD}.Release|Any CPU.ActiveCfg = Release|Any CPU
		{31E16947-F00F-40C2-9CB0-BE171077DFDD}.Release|Any CPU.Build.0 = Release|Any CPU
	EndGlobalSection
	GlobalSection(SolutionProperties) = preSolution
		HideSolutionNode = FALSE
	EndGlobalSection
	GlobalSection(ExtensibilityGlobals) = postSolution
		SolutionGuid = {3F3AF719-77A5-4BF1-9FCB-BB6C9857122D}
	EndGlobalSection
EndGlobal
